
Microsoft Visual Studio Solution File, Format Version 12.00
# Visual Studio Version 17
VisualStudioVersion = 17.3.32929.385
MinimumVisualStudioVersion = 10.0.40219.1
Project("{8BC9CEB8-8B4A-11D0-8D11-00A0C91BC942}") = "KT_Lap_Trinh", "KT_Lap_Trinh\KT_Lap_Trinh.vcxproj", "{37DDBF5E-C893-4E0A-A5C1-4BEF333F5EFA}"
EndProject
Global
	GlobalSection(SolutionConfigurationPlatforms) = preSolution
		Debug|x64 = Debug|x64
		Debug|x86 = Debug|x86
		Release|x64 = Release|x64
		Release|x86 = Release|x86
	EndGlobalSection
	GlobalSection(ProjectConfigurationPlatforms) = postSolution
		{37DDBF5E-C893-4E0A-A5C1-4BEF333F5EFA}.Debug|x64.ActiveCfg = Debug|x64
		{37DDBF5E-C893-4E0A-A5C1-4BEF333F5EFA}.Debug|x64.Build.0 = Debug|x64
		{37DDBF5E-C893-4E0A-A5C1-4BEF333F5EFA}.Debug|x86.ActiveCfg = Debug|Win32
		{37DDBF5E-C893-4E0A-A5C1-4BEF333F5EFA}.Debug|x86.Build.0 = Debug|Win32
		{37DDBF5E-C893-4E0A-A5C1-4BEF333F5EFA}.Release|x64.ActiveCfg = Release|x64
		{37DDBF5E-C893-4E0A-A5C1-4BEF333F5EFA}.Release|x64.Build.0 = Release|x64
		{37DDBF5E-C893-4E0A-A5C1-4BEF333F5EFA}.Release|x86.ActiveCfg = Release|Win32
		{37DDBF5E-C893-4E0A-A5C1-4BEF333F5EFA}.Release|x86.Build.0 = Release|Win32
	EndGlobalSection
	GlobalSection(SolutionProperties) = preSolution
		HideSolutionNode = FALSE
	EndGlobalSection
	GlobalSection(ExtensibilityGlobals) = postSolution
		SolutionGuid = {8871F199-7705-42BF-BB72-D84DBD05E1C0}
	EndGlobalSection
EndGlobal
